
Microsoft Visual Studio Solution File, Format Version 12.00
# Visual Studio 15
VisualStudioVersion = 15.0.27130.2036
MinimumVisualStudioVersion = 10.0.40219.1
Project("{E24C65DC-7377-472B-9ABA-BC803B73C61A}") = "Bootstrap-Website", "Bootstrap-Website\", "{726D17E7-132D-4262-B795-DD9A12E55197}"
	ProjectSection(WebsiteProperties) = preProject
		TargetFrameworkMoniker = ".NETFramework,Version%3Dv4.6.1"
		Debug.AspNetCompiler.VirtualPath = "/localhost_53019"
		Debug.AspNetCompiler.PhysicalPath = "Bootstrap-Website\"
		Debug.AspNetCompiler.TargetPath = "PrecompiledWeb\localhost_53019\"
		Debug.AspNetCompiler.Updateable = "true"
		Debug.AspNetCompiler.ForceOverwrite = "true"
		Debug.AspNetCompiler.FixedNames = "false"
		Debug.AspNetCompiler.Debug = "True"
		Release.AspNetCompiler.VirtualPath = "/localhost_53019"
		Release.AspNetCompiler.PhysicalPath = "Bootstrap-Website\"
		Release.AspNetCompiler.TargetPath = "PrecompiledWeb\localhost_53019\"
		Release.AspNetCompiler.Updateable = "true"
		Release.AspNetCompiler.ForceOverwrite = "true"
		Release.AspNetCompiler.FixedNames = "false"
		Release.AspNetCompiler.Debug = "False"
		VWDPort = "53019"
		SlnRelativePath = "Bootstrap-Website\"
		DefaultWebSiteLanguage = "Visual C#"
	EndProjectSection
EndProject
Global
	GlobalSection(SolutionConfigurationPlatforms) = preSolution
		Debug|Any CPU = Debug|Any CPU
	EndGlobalSection
	GlobalSection(ProjectConfigurationPlatforms) = postSolution
		{726D17E7-132D-4262-B795-DD9A12E55197}.Debug|Any CPU.ActiveCfg = Debug|Any CPU
		{726D17E7-132D-4262-B795-DD9A12E55197}.Debug|Any CPU.Build.0 = Debug|Any CPU
	EndGlobalSection
	GlobalSection(SolutionProperties) = preSolution
		HideSolutionNode = FALSE
	EndGlobalSection
	GlobalSection(ExtensibilityGlobals) = postSolution
		SolutionGuid = {856228CA-9E9E-4A0D-B4D4-DA6E3CE033FA}
	EndGlobalSection
EndGlobal
